
Microsoft Visual Studio Solution File, Format Version 12.00
# Visual Studio Version 16
VisualStudioVersion = 16.0.30804.86
MinimumVisualStudioVersion = 10.0.40219.1
Project("{9A19103F-16F7-4668-BE54-9A1E7A4F7556}") = "CustomersService", "CustomersService\CustomersService.csproj", "{0FB3BBAB-C5A8-414F-957F-5F2E7B68B46B}"
	ProjectSection(ProjectDependencies) = postProject
		{38E9B84F-9469-4C78-9E9A-BB94E1873C87} = {38E9B84F-9469-4C78-9E9A-BB94E1873C87}
	EndProjectSection
EndProject
Project("{FAE04EC0-301F-11D3-BF4B-00C04F79EFBC}") = "Logic", "Logic\Logic.csproj", "{38E9B84F-9469-4C78-9E9A-BB94E1873C87}"
	ProjectSection(ProjectDependencies) = postProject
		{3CE79E37-0D48-454E-BBAE-A10D1A38C442} = {3CE79E37-0D48-454E-BBAE-A10D1A38C442}
	EndProjectSection
EndProject
Project("{FAE04EC0-301F-11D3-BF4B-00C04F79EFBC}") = "Datalayer", "Datalayer\Datalayer.csproj", "{3CE79E37-0D48-454E-BBAE-A10D1A38C442}"
EndProject
Global
	GlobalSection(SolutionConfigurationPlatforms) = preSolution
		Debug|Any CPU = Debug|Any CPU
		Release|Any CPU = Release|Any CPU
	EndGlobalSection
	GlobalSection(ProjectConfigurationPlatforms) = postSolution
		{0FB3BBAB-C5A8-414F-957F-5F2E7B68B46B}.Debug|Any CPU.ActiveCfg = Debug|Any CPU
		{0FB3BBAB-C5A8-414F-957F-5F2E7B68B46B}.Debug|Any CPU.Build.0 = Debug|Any CPU
		{0FB3BBAB-C5A8-414F-957F-5F2E7B68B46B}.Release|Any CPU.ActiveCfg = Release|Any CPU
		{0FB3BBAB-C5A8-414F-957F-5F2E7B68B46B}.Release|Any CPU.Build.0 = Release|Any CPU
		{38E9B84F-9469-4C78-9E9A-BB94E1873C87}.Debug|Any CPU.ActiveCfg = Debug|Any CPU
		{38E9B84F-9469-4C78-9E9A-BB94E1873C87}.Debug|Any CPU.Build.0 = Debug|Any CPU
		{38E9B84F-9469-4C78-9E9A-BB94E1873C87}.Release|Any CPU.ActiveCfg = Release|Any CPU
		{38E9B84F-9469-4C78-9E9A-BB94E1873C87}.Release|Any CPU.Build.0 = Release|Any CPU
		{3CE79E37-0D48-454E-BBAE-A10D1A38C442}.Debug|Any CPU.ActiveCfg = Debug|Any CPU
		{3CE79E37-0D48-454E-BBAE-A10D1A38C442}.Debug|Any CPU.Build.0 = Debug|Any CPU
		{3CE79E37-0D48-454E-BBAE-A10D1A38C442}.Release|Any CPU.ActiveCfg = Release|Any CPU
		{3CE79E37-0D48-454E-BBAE-A10D1A38C442}.Release|Any CPU.Build.0 = Release|Any CPU
	EndGlobalSection
	GlobalSection(SolutionProperties) = preSolution
		HideSolutionNode = FALSE
	EndGlobalSection
	GlobalSection(ExtensibilityGlobals) = postSolution
		SolutionGuid = {5A35BE9B-1146-4289-9D65-DF71348DF013}
	EndGlobalSection
EndGlobal
